
Microsoft Visual Studio Solution File, Format Version 12.00
# Visual Studio Version 16
VisualStudioVersion = 16.0.31205.134
MinimumVisualStudioVersion = 10.0.40219.1
Project("{FAE04EC0-301F-11D3-BF4B-00C04F79EFBC}") = "TopGames", "TopGames\TopGames.csproj", "{67362AB5-8269-4CA2-A757-F2BED815408A}"
EndProject
Global
	GlobalSection(SolutionConfigurationPlatforms) = preSolution
		Debug|Any CPU = Debug|Any CPU
		Release|Any CPU = Release|Any CPU
	EndGlobalSection
	GlobalSection(ProjectConfigurationPlatforms) = postSolution
		{67362AB5-8269-4CA2-A757-F2BED815408A}.Debug|Any CPU.ActiveCfg = Debug|Any CPU
		{67362AB5-8269-4CA2-A757-F2BED815408A}.Debug|Any CPU.Build.0 = Debug|Any CPU
		{67362AB5-8269-4CA2-A757-F2BED815408A}.Release|Any CPU.ActiveCfg = Release|Any CPU
		{67362AB5-8269-4CA2-A757-F2BED815408A}.Release|Any CPU.Build.0 = Release|Any CPU
	EndGlobalSection
	GlobalSection(SolutionProperties) = preSolution
		HideSolutionNode = FALSE
	EndGlobalSection
	GlobalSection(ExtensibilityGlobals) = postSolution
		SolutionGuid = {FCEA7B72-4A37-4D6C-9EEC-3EB33A263DBB}
	EndGlobalSection
EndGlobal
